
Microsoft Visual Studio Solution File, Format Version 12.00
# Visual Studio Version 17
VisualStudioVersion = 17.14.36511.14 d17.14
MinimumVisualStudioVersion = 10.0.40219.1
Project("{FAE04EC0-301F-11D3-BF4B-00C04F79EFBC}") = "dotnet-mvc-first-app", "dotnet-mvc-first-app\dotnet-mvc-first-app.csproj", "{1CD77D36-A97E-4A44-9FD8-AED95FE51CEB}"
EndProject
Global
	GlobalSection(SolutionConfigurationPlatforms) = preSolution
		Debug|Any CPU = Debug|Any CPU
		Release|Any CPU = Release|Any CPU
	EndGlobalSection
	GlobalSection(ProjectConfigurationPlatforms) = postSolution
		{1CD77D36-A97E-4A44-9FD8-AED95FE51CEB}.Debug|Any CPU.ActiveCfg = Debug|Any CPU
		{1CD77D36-A97E-4A44-9FD8-AED95FE51CEB}.Debug|Any CPU.Build.0 = Debug|Any CPU
		{1CD77D36-A97E-4A44-9FD8-AED95FE51CEB}.Release|Any CPU.ActiveCfg = Release|Any CPU
		{1CD77D36-A97E-4A44-9FD8-AED95FE51CEB}.Release|Any CPU.Build.0 = Release|Any CPU
	EndGlobalSection
	GlobalSection(SolutionProperties) = preSolution
		HideSolutionNode = FALSE
	EndGlobalSection
	GlobalSection(ExtensibilityGlobals) = postSolution
		SolutionGuid = {C9902BB5-F626-47DA-BA6A-31AC8A17549A}
	EndGlobalSection
EndGlobal
